# This file is automatically @generated by Poetry 1.5.1 and should not be changed by hand.

[[package]]
name = "pypdf"
version = "3.15.1"
description = "A pure-python PDF library capable of splitting, merging, cropping, and transforming PDF files"
optional = false
python-versions = ">=3.6"
files = [
    {file = "pypdf-3.15.1-py3-none-any.whl", hash = "sha256:99b337af7da8046d1e2e94354846e8c56753e1cdc817ac0fbe770c1e2281902b"},
    {file = "pypdf-3.15.1.tar.gz", hash = "sha256:d0dfaf4f10dfb06ac39e1d6a9cbffd63e77621d1e89c0ef08f346fd902df7b4b"},
]

[package.extras]
crypto = ["PyCryptodome", "cryptography"]
dev = ["black", "flit", "pip-tools", "pre-commit (<2.18.0)", "pytest-cov", "pytest-socket", "wheel"]
docs = ["myst_parser", "sphinx", "sphinx_rtd_theme"]
full = ["Pillow (>=8.0.0)", "PyCryptodome", "cryptography"]
image = ["Pillow (>=8.0.0)"]

[metadata]
lock-version = "2.0"
python-versions = "~3.11"
content-hash = "f8d9199b0ba48658ecf62bcdc8e70d42a985d24cda26bfcfba5767f817238430"
